
Microsoft Visual Studio Solution File, Format Version 12.00
# Visual Studio Version 16
VisualStudioVersion = 16.0.810.25
MinimumVisualStudioVersion = 10.0.40219.1
Project("{FAE04EC0-301F-11D3-BF4B-00C04F79EFBC}") = "TravelBooking.API", "TravelBooking.API\TravelBooking.API.csproj", "{1F16E739-63B6-4835-97C0-7E79C4547B91}"
EndProject
Project("{FAE04EC0-301F-11D3-BF4B-00C04F79EFBC}") = "TravelBooking.Core", "TravelBooking.Core\TravelBooking.Core.csproj", "{98138397-790C-4080-BCDD-F06A3A5210E8}"
EndProject
Project("{FAE04EC0-301F-11D3-BF4B-00C04F79EFBC}") = "TravelBooking.Infrastructure", "TravelBooking.Infrastructure\TravelBooking.Infrastructure.csproj", "{FCC51756-38EB-4637-8859-DA58A7CC438F}"
EndProject
Global
	GlobalSection(SolutionConfigurationPlatforms) = preSolution
		Debug|Any CPU = Debug|Any CPU
		Release|Any CPU = Release|Any CPU
	EndGlobalSection
	GlobalSection(ProjectConfigurationPlatforms) = postSolution
		{1F16E739-63B6-4835-97C0-7E79C4547B91}.Debug|Any CPU.ActiveCfg = Debug|Any CPU
		{1F16E739-63B6-4835-97C0-7E79C4547B91}.Debug|Any CPU.Build.0 = Debug|Any CPU
		{1F16E739-63B6-4835-97C0-7E79C4547B91}.Release|Any CPU.ActiveCfg = Release|Any CPU
		{1F16E739-63B6-4835-97C0-7E79C4547B91}.Release|Any CPU.Build.0 = Release|Any CPU
		{98138397-790C-4080-BCDD-F06A3A5210E8}.Debug|Any CPU.ActiveCfg = Debug|Any CPU
		{98138397-790C-4080-BCDD-F06A3A5210E8}.Debug|Any CPU.Build.0 = Debug|Any CPU
		{98138397-790C-4080-BCDD-F06A3A5210E8}.Release|Any CPU.ActiveCfg = Release|Any CPU
		{98138397-790C-4080-BCDD-F06A3A5210E8}.Release|Any CPU.Build.0 = Release|Any CPU
		{FCC51756-38EB-4637-8859-DA58A7CC438F}.Debug|Any CPU.ActiveCfg = Debug|Any CPU
		{FCC51756-38EB-4637-8859-DA58A7CC438F}.Debug|Any CPU.Build.0 = Debug|Any CPU
		{FCC51756-38EB-4637-8859-DA58A7CC438F}.Release|Any CPU.ActiveCfg = Release|Any CPU
		{FCC51756-38EB-4637-8859-DA58A7CC438F}.Release|Any CPU.Build.0 = Release|Any CPU
	EndGlobalSection
	GlobalSection(SolutionProperties) = preSolution
		HideSolutionNode = FALSE
	EndGlobalSection
	GlobalSection(ExtensibilityGlobals) = postSolution
		SolutionGuid = {F0DFF6A5-8118-4D93-B5EA-1C64E7576B3A}
	EndGlobalSection
EndGlobal
